
Microsoft Visual Studio Solution File, Format Version 12.00
# Visual Studio Version 16
VisualStudioVersion = 16.0.28922.388
MinimumVisualStudioVersion = 10.0.40219.1
Project("{FAE04EC0-301F-11D3-BF4B-00C04F79EFBC}") = "CommandSample", "CommandSample\CommandSample.csproj", "{D4F90649-72ED-4358-9652-E0053129BC84}"
EndProject
Global
	GlobalSection(SolutionConfigurationPlatforms) = preSolution
		Debug|Any CPU = Debug|Any CPU
		Release|Any CPU = Release|Any CPU
	EndGlobalSection
	GlobalSection(ProjectConfigurationPlatforms) = postSolution
		{D4F90649-72ED-4358-9652-E0053129BC84}.Debug|Any CPU.ActiveCfg = Debug|Any CPU
		{D4F90649-72ED-4358-9652-E0053129BC84}.Debug|Any CPU.Build.0 = Debug|Any CPU
		{D4F90649-72ED-4358-9652-E0053129BC84}.Release|Any CPU.ActiveCfg = Release|Any CPU
		{D4F90649-72ED-4358-9652-E0053129BC84}.Release|Any CPU.Build.0 = Release|Any CPU
	EndGlobalSection
	GlobalSection(SolutionProperties) = preSolution
		HideSolutionNode = FALSE
	EndGlobalSection
	GlobalSection(ExtensibilityGlobals) = postSolution
		SolutionGuid = {D997496B-D6E9-4579-94A8-A303383BB421}
	EndGlobalSection
EndGlobal
